{
  "version": 4,
  "terraform_version": "0.14.0",
  "serial": 186,
  "lineage": "d7b24460-1a1d-7a89-051b-5401c128b1e8",
  "outputs": {},
  "resources": [
    {
      "mode": "data",
      "type": "template_file",
      "name": "ansible_inventory",
      "provider": "provider[\"registry.terraform.io/hashicorp/template\"]",
      "instances": [
        {
          "schema_version": 0,
          "attributes": {
            "filename": null,
            "id": "ef289183252ba81a0b9d8a13a307229d7026894933bb5dd37b914c70532433b5",
            "rendered": "[masters]\n141.72.191.201\n\n[nodes]\n141.72.191.219\n141.72.191.238\n141.72.191.221\n",
            "template": "[masters]\n${master_pub_ip}\n\n[nodes]\n${node_pub_ips}\n",
            "vars": {
              "master_pub_ip": "141.72.191.201",
              "node_pub_ips": "141.72.191.219\n141.72.191.238\n141.72.191.221"
            }
          },
          "sensitive_attributes": []
        }
      ]
    },
    {
      "mode": "managed",
      "type": "local_file",
      "name": "floating_id_file",
      "provider": "provider[\"registry.terraform.io/hashicorp/local\"]",
      "instances": [
        {
          "schema_version": 0,
          "attributes": {
            "content": "141.72.191.201",
            "content_base64": null,
            "directory_permission": "0777",
            "file_permission": "0777",
            "filename": "./openstack-inventory.txt",
            "id": "6b39e6e1f7ef9c7fd4f7af4c96d705c270a38686",
            "sensitive_content": null,
            "source": null
          },
          "sensitive_attributes": [],
          "private": "bnVsbA==",
          "dependencies": [
            "openstack_networking_floatingip_v2.kelly_floating_ip"
          ]
        }
      ]
    },
    {
      "mode": "managed",
      "type": "local_file",
      "name": "hosts",
      "provider": "provider[\"registry.terraform.io/hashicorp/local\"]",
      "instances": [
        {
          "schema_version": 0,
          "attributes": {
            "content": "[masters]\n141.72.191.201\n\n[nodes]\n141.72.191.219\n141.72.191.238\n141.72.191.221\n",
            "content_base64": null,
            "directory_permission": "0777",
            "file_permission": "0777",
            "filename": "./hosts",
            "id": "0d6d7e5a8be625b680de0889485c680f8b359214",
            "sensitive_content": null,
            "source": null
          },
          "sensitive_attributes": [],
          "private": "bnVsbA==",
          "dependencies": [
            "data.template_file.ansible_inventory",
            "openstack_networking_floatingip_v2.kelly_floating_ip",
            "openstack_networking_floatingip_v2.kelly_floating_node_ip"
          ]
        }
      ]
    },
    {
      "mode": "managed",
      "type": "openstack_compute_floatingip_associate_v2",
      "name": "associate",
      "provider": "provider[\"registry.terraform.io/terraform-provider-openstack/openstack\"]",
      "instances": [
        {
          "schema_version": 0,
          "attributes": {
            "fixed_ip": "",
            "floating_ip": "141.72.191.201",
            "id": "141.72.191.201/c657131e-8472-4704-a2c3-a412708465c1/",
            "instance_id": "c657131e-8472-4704-a2c3-a412708465c1",
            "region": "",
            "timeouts": null,
            "wait_until_associated": null
          },
          "sensitive_attributes": [],
          "private": "eyJlMmJmYjczMC1lY2FhLTExZTYtOGY4OC0zNDM2M2JjN2M0YzAiOnsiY3JlYXRlIjo2MDAwMDAwMDAwMDB9fQ==",
          "dependencies": [
            "openstack_compute_instance_v2.kelly_k3s_master",
            "openstack_networking_floatingip_v2.kelly_floating_ip"
          ]
        }
      ]
    },
    {
      "mode": "managed",
      "type": "openstack_compute_floatingip_associate_v2",
      "name": "associate_node_ips",
      "provider": "provider[\"registry.terraform.io/terraform-provider-openstack/openstack\"]",
      "instances": [
        {
          "index_key": 0,
          "schema_version": 0,
          "attributes": {
            "fixed_ip": "",
            "floating_ip": "141.72.191.219",
            "id": "141.72.191.219/698c4f44-0a75-47db-97aa-ba9d61d80dd7/",
            "instance_id": "698c4f44-0a75-47db-97aa-ba9d61d80dd7",
            "region": "",
            "timeouts": null,
            "wait_until_associated": null
          },
          "sensitive_attributes": [],
          "private": "eyJlMmJmYjczMC1lY2FhLTExZTYtOGY4OC0zNDM2M2JjN2M0YzAiOnsiY3JlYXRlIjo2MDAwMDAwMDAwMDB9fQ==",
          "dependencies": [
            "openstack_compute_instance_v2.kelly_k3s_nodes",
            "openstack_networking_floatingip_v2.kelly_floating_node_ip"
          ]
        },
        {
          "index_key": 1,
          "schema_version": 0,
          "attributes": {
            "fixed_ip": "",
            "floating_ip": "141.72.191.238",
            "id": "141.72.191.238/500014cf-ac6b-4dd6-84f1-b0bbaf23c630/",
            "instance_id": "500014cf-ac6b-4dd6-84f1-b0bbaf23c630",
            "region": "",
            "timeouts": null,
            "wait_until_associated": null
          },
          "sensitive_attributes": [],
          "private": "eyJlMmJmYjczMC1lY2FhLTExZTYtOGY4OC0zNDM2M2JjN2M0YzAiOnsiY3JlYXRlIjo2MDAwMDAwMDAwMDB9fQ==",
          "dependencies": [
            "openstack_compute_instance_v2.kelly_k3s_nodes",
            "openstack_networking_floatingip_v2.kelly_floating_node_ip"
          ]
        },
        {
          "index_key": 2,
          "schema_version": 0,
          "attributes": {
            "fixed_ip": "",
            "floating_ip": "141.72.191.221",
            "id": "141.72.191.221/51d69516-4a83-4609-995d-a8b98610e816/",
            "instance_id": "51d69516-4a83-4609-995d-a8b98610e816",
            "region": "",
            "timeouts": null,
            "wait_until_associated": null
          },
          "sensitive_attributes": [],
          "private": "eyJlMmJmYjczMC1lY2FhLTExZTYtOGY4OC0zNDM2M2JjN2M0YzAiOnsiY3JlYXRlIjo2MDAwMDAwMDAwMDB9fQ==",
          "dependencies": [
            "openstack_compute_instance_v2.kelly_k3s_nodes",
            "openstack_networking_floatingip_v2.kelly_floating_node_ip"
          ]
        }
      ]
    },
    {
      "mode": "managed",
      "type": "openstack_compute_instance_v2",
      "name": "kelly_k3s_master",
      "provider": "provider[\"registry.terraform.io/terraform-provider-openstack/openstack\"]",
      "instances": [
        {
          "schema_version": 0,
          "attributes": {
            "access_ip_v4": "192.168.1.32",
            "access_ip_v6": "",
            "admin_pass": null,
            "all_metadata": {},
            "all_tags": [],
            "availability_zone": "nova",
            "availability_zone_hints": null,
            "block_device": [],
            "config_drive": null,
            "flavor_id": "19ab8056-82cb-45a3-a6db-a66fa441c29d",
            "flavor_name": "m1.large",
            "floating_ip": null,
            "force_delete": false,
            "id": "c657131e-8472-4704-a2c3-a412708465c1",
            "image_id": "a0a1c616-f4f3-429d-8de9-8e74b5df805c",
            "image_name": "Ubuntu Server 20.04  64bit (01.05.2020)",
            "key_pair": "kellylinux",
            "metadata": null,
            "name": "kelly_k3s_master",
            "network": [
              {
                "access_network": false,
                "fixed_ip_v4": "192.168.1.32",
                "fixed_ip_v6": "",
                "floating_ip": "",
                "mac": "fa:16:3e:4c:55:34",
                "name": "kelly_network",
                "port": "",
                "uuid": "415865f7-4678-4745-bba5-0ff2e0010868"
              }
            ],
            "network_mode": null,
            "personality": [],
            "power_state": "active",
            "region": "",
            "scheduler_hints": [],
            "security_groups": [
              "default"
            ],
            "stop_before_destroy": false,
            "tags": null,
            "timeouts": null,
            "user_data": null,
            "vendor_options": [],
            "volume": []
          },
          "sensitive_attributes": [],
          "private": "eyJlMmJmYjczMC1lY2FhLTExZTYtOGY4OC0zNDM2M2JjN2M0YzAiOnsiY3JlYXRlIjoxODAwMDAwMDAwMDAwLCJkZWxldGUiOjE4MDAwMDAwMDAwMDAsInVwZGF0ZSI6MTgwMDAwMDAwMDAwMH19"
        }
      ]
    },
    {
      "mode": "managed",
      "type": "openstack_compute_instance_v2",
      "name": "kelly_k3s_nodes",
      "provider": "provider[\"registry.terraform.io/terraform-provider-openstack/openstack\"]",
      "instances": [
        {
          "index_key": 0,
          "schema_version": 0,
          "attributes": {
            "access_ip_v4": "192.168.1.36",
            "access_ip_v6": "",
            "admin_pass": null,
            "all_metadata": {},
            "all_tags": [],
            "availability_zone": "nova",
            "availability_zone_hints": null,
            "block_device": [],
            "config_drive": null,
            "flavor_id": "19ab8056-82cb-45a3-a6db-a66fa441c29d",
            "flavor_name": "m1.large",
            "floating_ip": null,
            "force_delete": false,
            "id": "698c4f44-0a75-47db-97aa-ba9d61d80dd7",
            "image_id": "a0a1c616-f4f3-429d-8de9-8e74b5df805c",
            "image_name": "Ubuntu Server 20.04  64bit (01.05.2020)",
            "key_pair": "kellylinux",
            "metadata": null,
            "name": "kelly_k3s_node_0",
            "network": [
              {
                "access_network": false,
                "fixed_ip_v4": "192.168.1.36",
                "fixed_ip_v6": "",
                "floating_ip": "",
                "mac": "fa:16:3e:44:c8:52",
                "name": "kelly_network",
                "port": "",
                "uuid": "415865f7-4678-4745-bba5-0ff2e0010868"
              }
            ],
            "network_mode": null,
            "personality": [],
            "power_state": "active",
            "region": "",
            "scheduler_hints": [],
            "security_groups": [
              "default"
            ],
            "stop_before_destroy": false,
            "tags": null,
            "timeouts": null,
            "user_data": null,
            "vendor_options": [],
            "volume": []
          },
          "sensitive_attributes": [],
          "private": "eyJlMmJmYjczMC1lY2FhLTExZTYtOGY4OC0zNDM2M2JjN2M0YzAiOnsiY3JlYXRlIjoxODAwMDAwMDAwMDAwLCJkZWxldGUiOjE4MDAwMDAwMDAwMDAsInVwZGF0ZSI6MTgwMDAwMDAwMDAwMH19"
        },
        {
          "index_key": 1,
          "schema_version": 0,
          "attributes": {
            "access_ip_v4": "192.168.1.35",
            "access_ip_v6": "",
            "admin_pass": null,
            "all_metadata": {},
            "all_tags": [],
            "availability_zone": "nova",
            "availability_zone_hints": null,
            "block_device": [],
            "config_drive": null,
            "flavor_id": "19ab8056-82cb-45a3-a6db-a66fa441c29d",
            "flavor_name": "m1.large",
            "floating_ip": null,
            "force_delete": false,
            "id": "500014cf-ac6b-4dd6-84f1-b0bbaf23c630",
            "image_id": "a0a1c616-f4f3-429d-8de9-8e74b5df805c",
            "image_name": "Ubuntu Server 20.04  64bit (01.05.2020)",
            "key_pair": "kellylinux",
            "metadata": null,
            "name": "kelly_k3s_node_1",
            "network": [
              {
                "access_network": false,
                "fixed_ip_v4": "192.168.1.35",
                "fixed_ip_v6": "",
                "floating_ip": "",
                "mac": "fa:16:3e:cf:ed:6f",
                "name": "kelly_network",
                "port": "",
                "uuid": "415865f7-4678-4745-bba5-0ff2e0010868"
              }
            ],
            "network_mode": null,
            "personality": [],
            "power_state": "active",
            "region": "",
            "scheduler_hints": [],
            "security_groups": [
              "default"
            ],
            "stop_before_destroy": false,
            "tags": null,
            "timeouts": null,
            "user_data": null,
            "vendor_options": [],
            "volume": []
          },
          "sensitive_attributes": [],
          "private": "eyJlMmJmYjczMC1lY2FhLTExZTYtOGY4OC0zNDM2M2JjN2M0YzAiOnsiY3JlYXRlIjoxODAwMDAwMDAwMDAwLCJkZWxldGUiOjE4MDAwMDAwMDAwMDAsInVwZGF0ZSI6MTgwMDAwMDAwMDAwMH19"
        },
        {
          "index_key": 2,
          "schema_version": 0,
          "attributes": {
            "access_ip_v4": "192.168.1.34",
            "access_ip_v6": "",
            "admin_pass": null,
            "all_metadata": {},
            "all_tags": [],
            "availability_zone": "nova",
            "availability_zone_hints": null,
            "block_device": [],
            "config_drive": null,
            "flavor_id": "19ab8056-82cb-45a3-a6db-a66fa441c29d",
            "flavor_name": "m1.large",
            "floating_ip": null,
            "force_delete": false,
            "id": "51d69516-4a83-4609-995d-a8b98610e816",
            "image_id": "a0a1c616-f4f3-429d-8de9-8e74b5df805c",
            "image_name": "Ubuntu Server 20.04  64bit (01.05.2020)",
            "key_pair": "kellylinux",
            "metadata": null,
            "name": "kelly_k3s_node_2",
            "network": [
              {
                "access_network": false,
                "fixed_ip_v4": "192.168.1.34",
                "fixed_ip_v6": "",
                "floating_ip": "",
                "mac": "fa:16:3e:b1:6a:b9",
                "name": "kelly_network",
                "port": "",
                "uuid": "415865f7-4678-4745-bba5-0ff2e0010868"
              }
            ],
            "network_mode": null,
            "personality": [],
            "power_state": "active",
            "region": "",
            "scheduler_hints": [],
            "security_groups": [
              "default"
            ],
            "stop_before_destroy": false,
            "tags": null,
            "timeouts": null,
            "user_data": null,
            "vendor_options": [],
            "volume": []
          },
          "sensitive_attributes": [],
          "private": "eyJlMmJmYjczMC1lY2FhLTExZTYtOGY4OC0zNDM2M2JjN2M0YzAiOnsiY3JlYXRlIjoxODAwMDAwMDAwMDAwLCJkZWxldGUiOjE4MDAwMDAwMDAwMDAsInVwZGF0ZSI6MTgwMDAwMDAwMDAwMH19"
        }
      ]
    },
    {
      "mode": "managed",
      "type": "openstack_networking_floatingip_v2",
      "name": "kelly_floating_ip",
      "provider": "provider[\"registry.terraform.io/terraform-provider-openstack/openstack\"]",
      "instances": [
        {
          "schema_version": 0,
          "attributes": {
            "address": "141.72.191.201",
            "all_tags": [],
            "description": "",
            "dns_domain": "",
            "dns_name": "",
            "fixed_ip": "192.168.1.32",
            "id": "d3e82c2a-6b82-4fbf-b9f6-d4fd618a2413",
            "pool": "ext-net-201",
            "port_id": "815ed143-869b-49db-840e-7fa56d596510",
            "region": "",
            "subnet_id": null,
            "subnet_ids": null,
            "tags": [],
            "tenant_id": "1eee05cb3a2c4a3f9b93d79359e20471",
            "timeouts": null,
            "value_specs": null
          },
          "sensitive_attributes": [],
          "private": "eyJlMmJmYjczMC1lY2FhLTExZTYtOGY4OC0zNDM2M2JjN2M0YzAiOnsiY3JlYXRlIjo2MDAwMDAwMDAwMDAsImRlbGV0ZSI6NjAwMDAwMDAwMDAwfX0="
        }
      ]
    },
    {
      "mode": "managed",
      "type": "openstack_networking_floatingip_v2",
      "name": "kelly_floating_node_ip",
      "provider": "provider[\"registry.terraform.io/terraform-provider-openstack/openstack\"]",
      "instances": [
        {
          "index_key": 0,
          "schema_version": 0,
          "attributes": {
            "address": "141.72.191.219",
            "all_tags": [],
            "description": "",
            "dns_domain": "",
            "dns_name": "",
            "fixed_ip": "",
            "id": "8463b890-6731-424f-a923-e677c3e9b9fd",
            "pool": "ext-net-201",
            "port_id": "",
            "region": "",
            "subnet_id": null,
            "subnet_ids": null,
            "tags": [],
            "tenant_id": "1eee05cb3a2c4a3f9b93d79359e20471",
            "timeouts": null,
            "value_specs": null
          },
          "sensitive_attributes": [],
          "private": "eyJlMmJmYjczMC1lY2FhLTExZTYtOGY4OC0zNDM2M2JjN2M0YzAiOnsiY3JlYXRlIjo2MDAwMDAwMDAwMDAsImRlbGV0ZSI6NjAwMDAwMDAwMDAwfX0="
        },
        {
          "index_key": 1,
          "schema_version": 0,
          "attributes": {
            "address": "141.72.191.238",
            "all_tags": [],
            "description": "",
            "dns_domain": "",
            "dns_name": "",
            "fixed_ip": "192.168.1.35",
            "id": "b56bb3d3-be86-47c6-9d9e-6e1431a44210",
            "pool": "ext-net-201",
            "port_id": "48e95b8b-2040-4490-bbe0-596eaedad492",
            "region": "",
            "subnet_id": null,
            "subnet_ids": null,
            "tags": [],
            "tenant_id": "1eee05cb3a2c4a3f9b93d79359e20471",
            "timeouts": null,
            "value_specs": null
          },
          "sensitive_attributes": [],
          "private": "eyJlMmJmYjczMC1lY2FhLTExZTYtOGY4OC0zNDM2M2JjN2M0YzAiOnsiY3JlYXRlIjo2MDAwMDAwMDAwMDAsImRlbGV0ZSI6NjAwMDAwMDAwMDAwfX0="
        },
        {
          "index_key": 2,
          "schema_version": 0,
          "attributes": {
            "address": "141.72.191.221",
            "all_tags": [],
            "description": "",
            "dns_domain": "",
            "dns_name": "",
            "fixed_ip": "192.168.1.34",
            "id": "349d98f5-6a5a-4b0c-8db8-d1a27cdacf02",
            "pool": "ext-net-201",
            "port_id": "12acba5c-506e-4783-a27a-8415432ad5f4",
            "region": "",
            "subnet_id": null,
            "subnet_ids": null,
            "tags": [],
            "tenant_id": "1eee05cb3a2c4a3f9b93d79359e20471",
            "timeouts": null,
            "value_specs": null
          },
          "sensitive_attributes": [],
          "private": "eyJlMmJmYjczMC1lY2FhLTExZTYtOGY4OC0zNDM2M2JjN2M0YzAiOnsiY3JlYXRlIjo2MDAwMDAwMDAwMDAsImRlbGV0ZSI6NjAwMDAwMDAwMDAwfX0="
        }
      ]
    }
  ]
}
