{
  "version": 4,
  "terraform_version": "0.14.0",
  "serial": 131,
  "lineage": "d7b24460-1a1d-7a89-051b-5401c128b1e8",
  "outputs": {},
  "resources": [
    {
      "mode": "data",
      "type": "template_file",
      "name": "ansible_inventory",
      "provider": "provider[\"registry.terraform.io/hashicorp/template\"]",
      "instances": [
        {
          "schema_version": 0,
          "attributes": {
            "filename": null,
            "id": "eaf9eb28ded2e0e24b73c5018f3373fab904197bc619e1394acf940ee522a686",
            "rendered": "[masters]\n141.72.191.241\n\n[nodes]\n141.72.191.238\n141.72.191.250\n141.72.191.248\n",
            "template": "[masters]\n${master_pub_ip}\n\n[nodes]\n${node_pub_ips}\n",
            "vars": {
              "master_pub_ip": "141.72.191.241",
              "node_pub_ips": "141.72.191.238\n141.72.191.250\n141.72.191.248"
            }
          },
          "sensitive_attributes": []
        }
      ]
    },
    {
      "mode": "managed",
      "type": "local_file",
      "name": "floating_id_file",
      "provider": "provider[\"registry.terraform.io/hashicorp/local\"]",
      "instances": [
        {
          "schema_version": 0,
          "attributes": {
            "content": "141.72.191.241",
            "content_base64": null,
            "directory_permission": "0777",
            "file_permission": "0777",
            "filename": "./openstack-inventory.txt",
            "id": "1964ade40014b4993d76da5dc635cc4714964dfd",
            "sensitive_content": null,
            "source": null
          },
          "sensitive_attributes": [],
          "private": "bnVsbA==",
          "dependencies": [
            "openstack_networking_floatingip_v2.lukas_floating_ip"
          ]
        }
      ]
    },
    {
      "mode": "managed",
      "type": "local_file",
      "name": "hosts",
      "provider": "provider[\"registry.terraform.io/hashicorp/local\"]",
      "instances": [
        {
          "schema_version": 0,
          "attributes": {
            "content": "[masters]\n141.72.191.241\n\n[nodes]\n141.72.191.238\n141.72.191.250\n141.72.191.248\n",
            "content_base64": null,
            "directory_permission": "0777",
            "file_permission": "0777",
            "filename": "./hosts",
            "id": "2c9121ab2e7630a7c768b45f06fd6835b7983d38",
            "sensitive_content": null,
            "source": null
          },
          "sensitive_attributes": [],
          "private": "bnVsbA==",
          "dependencies": [
            "data.template_file.ansible_inventory",
            "openstack_networking_floatingip_v2.lukas_floating_ip",
            "openstack_networking_floatingip_v2.lukas_floating_node_ip"
          ]
        }
      ]
    },
    {
      "mode": "managed",
      "type": "openstack_compute_floatingip_associate_v2",
      "name": "associate",
      "provider": "provider[\"registry.terraform.io/terraform-provider-openstack/openstack\"]",
      "instances": [
        {
          "schema_version": 0,
          "attributes": {
            "fixed_ip": "",
            "floating_ip": "141.72.191.241",
            "id": "141.72.191.241/ea260961-1456-461a-9830-e79ceecf5381/",
            "instance_id": "ea260961-1456-461a-9830-e79ceecf5381",
            "region": "",
            "timeouts": null,
            "wait_until_associated": null
          },
          "sensitive_attributes": [],
          "private": "eyJlMmJmYjczMC1lY2FhLTExZTYtOGY4OC0zNDM2M2JjN2M0YzAiOnsiY3JlYXRlIjo2MDAwMDAwMDAwMDB9fQ==",
          "dependencies": [
            "openstack_compute_instance_v2.lukas_k3s_master",
            "openstack_networking_floatingip_v2.lukas_floating_ip"
          ]
        }
      ]
    },
    {
      "mode": "managed",
      "type": "openstack_compute_floatingip_associate_v2",
      "name": "associate_node_ips",
      "provider": "provider[\"registry.terraform.io/terraform-provider-openstack/openstack\"]",
      "instances": [
        {
          "index_key": 0,
          "schema_version": 0,
          "attributes": {
            "fixed_ip": "",
            "floating_ip": "141.72.191.238",
            "id": "141.72.191.238/74c0917c-268c-49cd-81d3-a39c202fc959/",
            "instance_id": "74c0917c-268c-49cd-81d3-a39c202fc959",
            "region": "",
            "timeouts": null,
            "wait_until_associated": null
          },
          "sensitive_attributes": [],
          "private": "eyJlMmJmYjczMC1lY2FhLTExZTYtOGY4OC0zNDM2M2JjN2M0YzAiOnsiY3JlYXRlIjo2MDAwMDAwMDAwMDB9fQ==",
          "dependencies": [
            "openstack_compute_instance_v2.lukas_k3s_nodes",
            "openstack_networking_floatingip_v2.lukas_floating_node_ip"
          ]
        },
        {
          "index_key": 1,
          "schema_version": 0,
          "attributes": {
            "fixed_ip": "",
            "floating_ip": "141.72.191.250",
            "id": "141.72.191.250/c5adbce7-9b71-4aa8-abe8-e025907c6168/",
            "instance_id": "c5adbce7-9b71-4aa8-abe8-e025907c6168",
            "region": "",
            "timeouts": null,
            "wait_until_associated": null
          },
          "sensitive_attributes": [],
          "private": "eyJlMmJmYjczMC1lY2FhLTExZTYtOGY4OC0zNDM2M2JjN2M0YzAiOnsiY3JlYXRlIjo2MDAwMDAwMDAwMDB9fQ==",
          "dependencies": [
            "openstack_compute_instance_v2.lukas_k3s_nodes",
            "openstack_networking_floatingip_v2.lukas_floating_node_ip"
          ]
        },
        {
          "index_key": 2,
          "schema_version": 0,
          "attributes": {
            "fixed_ip": "",
            "floating_ip": "141.72.191.248",
            "id": "141.72.191.248/fb38bcad-b300-464f-90d6-b483faf4e7f4/",
            "instance_id": "fb38bcad-b300-464f-90d6-b483faf4e7f4",
            "region": "",
            "timeouts": null,
            "wait_until_associated": null
          },
          "sensitive_attributes": [],
          "private": "eyJlMmJmYjczMC1lY2FhLTExZTYtOGY4OC0zNDM2M2JjN2M0YzAiOnsiY3JlYXRlIjo2MDAwMDAwMDAwMDB9fQ==",
          "dependencies": [
            "openstack_compute_instance_v2.lukas_k3s_nodes",
            "openstack_networking_floatingip_v2.lukas_floating_node_ip"
          ]
        }
      ]
    },
    {
      "mode": "managed",
      "type": "openstack_compute_instance_v2",
      "name": "lukas_k3s_master",
      "provider": "provider[\"registry.terraform.io/terraform-provider-openstack/openstack\"]",
      "instances": [
        {
          "schema_version": 0,
          "attributes": {
            "access_ip_v4": "192.168.1.29",
            "access_ip_v6": "",
            "admin_pass": null,
            "all_metadata": {},
            "all_tags": [],
            "availability_zone": "nova",
            "availability_zone_hints": null,
            "block_device": [],
            "config_drive": null,
            "flavor_id": "4e001322-d3d1-4f56-bc66-176ab7b484b4",
            "flavor_name": "m1.medium",
            "floating_ip": null,
            "force_delete": false,
            "id": "ea260961-1456-461a-9830-e79ceecf5381",
            "image_id": "a0a1c616-f4f3-429d-8de9-8e74b5df805c",
            "image_name": "Ubuntu Server 20.04  64bit (01.05.2020)",
            "key_pair": "LukasRSA",
            "metadata": null,
            "name": "lukas_k3s_master",
            "network": [
              {
                "access_network": false,
                "fixed_ip_v4": "192.168.1.29",
                "fixed_ip_v6": "",
                "floating_ip": "",
                "mac": "fa:16:3e:19:a3:22",
                "name": "lukas_network",
                "port": "",
                "uuid": "db6bbdfa-344c-4593-8ddb-dd63e71cd42d"
              }
            ],
            "network_mode": null,
            "personality": [],
            "power_state": "active",
            "region": "",
            "scheduler_hints": [],
            "security_groups": [
              "default"
            ],
            "stop_before_destroy": false,
            "tags": null,
            "timeouts": null,
            "user_data": null,
            "vendor_options": [],
            "volume": []
          },
          "sensitive_attributes": [],
          "private": "eyJlMmJmYjczMC1lY2FhLTExZTYtOGY4OC0zNDM2M2JjN2M0YzAiOnsiY3JlYXRlIjoxODAwMDAwMDAwMDAwLCJkZWxldGUiOjE4MDAwMDAwMDAwMDAsInVwZGF0ZSI6MTgwMDAwMDAwMDAwMH19"
        }
      ]
    },
    {
      "mode": "managed",
      "type": "openstack_compute_instance_v2",
      "name": "lukas_k3s_nodes",
      "provider": "provider[\"registry.terraform.io/terraform-provider-openstack/openstack\"]",
      "instances": [
        {
          "index_key": 0,
          "schema_version": 0,
          "attributes": {
            "access_ip_v4": "192.168.1.28",
            "access_ip_v6": "",
            "admin_pass": null,
            "all_metadata": {},
            "all_tags": [],
            "availability_zone": "nova",
            "availability_zone_hints": null,
            "block_device": [],
            "config_drive": null,
            "flavor_id": "4e001322-d3d1-4f56-bc66-176ab7b484b4",
            "flavor_name": "m1.medium",
            "floating_ip": null,
            "force_delete": false,
            "id": "74c0917c-268c-49cd-81d3-a39c202fc959",
            "image_id": "a0a1c616-f4f3-429d-8de9-8e74b5df805c",
            "image_name": "Ubuntu Server 20.04  64bit (01.05.2020)",
            "key_pair": "LukasRSA",
            "metadata": null,
            "name": "lukas_k3s_node_0",
            "network": [
              {
                "access_network": false,
                "fixed_ip_v4": "192.168.1.28",
                "fixed_ip_v6": "",
                "floating_ip": "",
                "mac": "fa:16:3e:2a:d7:1e",
                "name": "lukas_network",
                "port": "",
                "uuid": "db6bbdfa-344c-4593-8ddb-dd63e71cd42d"
              }
            ],
            "network_mode": null,
            "personality": [],
            "power_state": "active",
            "region": "",
            "scheduler_hints": [],
            "security_groups": [
              "default"
            ],
            "stop_before_destroy": false,
            "tags": null,
            "timeouts": null,
            "user_data": null,
            "vendor_options": [],
            "volume": []
          },
          "sensitive_attributes": [],
          "private": "eyJlMmJmYjczMC1lY2FhLTExZTYtOGY4OC0zNDM2M2JjN2M0YzAiOnsiY3JlYXRlIjoxODAwMDAwMDAwMDAwLCJkZWxldGUiOjE4MDAwMDAwMDAwMDAsInVwZGF0ZSI6MTgwMDAwMDAwMDAwMH19"
        },
        {
          "index_key": 1,
          "schema_version": 0,
          "attributes": {
            "access_ip_v4": "192.168.1.27",
            "access_ip_v6": "",
            "admin_pass": null,
            "all_metadata": {},
            "all_tags": [],
            "availability_zone": "nova",
            "availability_zone_hints": null,
            "block_device": [],
            "config_drive": null,
            "flavor_id": "4e001322-d3d1-4f56-bc66-176ab7b484b4",
            "flavor_name": "m1.medium",
            "floating_ip": null,
            "force_delete": false,
            "id": "c5adbce7-9b71-4aa8-abe8-e025907c6168",
            "image_id": "a0a1c616-f4f3-429d-8de9-8e74b5df805c",
            "image_name": "Ubuntu Server 20.04  64bit (01.05.2020)",
            "key_pair": "LukasRSA",
            "metadata": null,
            "name": "lukas_k3s_node_1",
            "network": [
              {
                "access_network": false,
                "fixed_ip_v4": "192.168.1.27",
                "fixed_ip_v6": "",
                "floating_ip": "",
                "mac": "fa:16:3e:b6:15:ca",
                "name": "lukas_network",
                "port": "",
                "uuid": "db6bbdfa-344c-4593-8ddb-dd63e71cd42d"
              }
            ],
            "network_mode": null,
            "personality": [],
            "power_state": "active",
            "region": "",
            "scheduler_hints": [],
            "security_groups": [
              "default"
            ],
            "stop_before_destroy": false,
            "tags": null,
            "timeouts": null,
            "user_data": null,
            "vendor_options": [],
            "volume": []
          },
          "sensitive_attributes": [],
          "private": "eyJlMmJmYjczMC1lY2FhLTExZTYtOGY4OC0zNDM2M2JjN2M0YzAiOnsiY3JlYXRlIjoxODAwMDAwMDAwMDAwLCJkZWxldGUiOjE4MDAwMDAwMDAwMDAsInVwZGF0ZSI6MTgwMDAwMDAwMDAwMH19"
        },
        {
          "index_key": 2,
          "schema_version": 0,
          "attributes": {
            "access_ip_v4": "192.168.1.30",
            "access_ip_v6": "",
            "admin_pass": null,
            "all_metadata": {},
            "all_tags": [],
            "availability_zone": "nova",
            "availability_zone_hints": null,
            "block_device": [],
            "config_drive": null,
            "flavor_id": "4e001322-d3d1-4f56-bc66-176ab7b484b4",
            "flavor_name": "m1.medium",
            "floating_ip": null,
            "force_delete": false,
            "id": "fb38bcad-b300-464f-90d6-b483faf4e7f4",
            "image_id": "a0a1c616-f4f3-429d-8de9-8e74b5df805c",
            "image_name": "Ubuntu Server 20.04  64bit (01.05.2020)",
            "key_pair": "LukasRSA",
            "metadata": null,
            "name": "lukas_k3s_node_2",
            "network": [
              {
                "access_network": false,
                "fixed_ip_v4": "192.168.1.30",
                "fixed_ip_v6": "",
                "floating_ip": "",
                "mac": "fa:16:3e:7c:fa:08",
                "name": "lukas_network",
                "port": "",
                "uuid": "db6bbdfa-344c-4593-8ddb-dd63e71cd42d"
              }
            ],
            "network_mode": null,
            "personality": [],
            "power_state": "active",
            "region": "",
            "scheduler_hints": [],
            "security_groups": [
              "default"
            ],
            "stop_before_destroy": false,
            "tags": null,
            "timeouts": null,
            "user_data": null,
            "vendor_options": [],
            "volume": []
          },
          "sensitive_attributes": [],
          "private": "eyJlMmJmYjczMC1lY2FhLTExZTYtOGY4OC0zNDM2M2JjN2M0YzAiOnsiY3JlYXRlIjoxODAwMDAwMDAwMDAwLCJkZWxldGUiOjE4MDAwMDAwMDAwMDAsInVwZGF0ZSI6MTgwMDAwMDAwMDAwMH19"
        }
      ]
    },
    {
      "mode": "managed",
      "type": "openstack_networking_floatingip_v2",
      "name": "lukas_floating_ip",
      "provider": "provider[\"registry.terraform.io/terraform-provider-openstack/openstack\"]",
      "instances": [
        {
          "schema_version": 0,
          "attributes": {
            "address": "141.72.191.241",
            "all_tags": [],
            "description": "",
            "dns_domain": "",
            "dns_name": "",
            "fixed_ip": "",
            "id": "d1f5c2b6-bd4f-4508-a810-180265752eac",
            "pool": "ext-net-201",
            "port_id": "",
            "region": "",
            "subnet_id": null,
            "subnet_ids": null,
            "tags": null,
            "tenant_id": "1eee05cb3a2c4a3f9b93d79359e20471",
            "timeouts": null,
            "value_specs": null
          },
          "sensitive_attributes": [],
          "private": "eyJlMmJmYjczMC1lY2FhLTExZTYtOGY4OC0zNDM2M2JjN2M0YzAiOnsiY3JlYXRlIjo2MDAwMDAwMDAwMDAsImRlbGV0ZSI6NjAwMDAwMDAwMDAwfX0="
        }
      ]
    },
    {
      "mode": "managed",
      "type": "openstack_networking_floatingip_v2",
      "name": "lukas_floating_node_ip",
      "provider": "provider[\"registry.terraform.io/terraform-provider-openstack/openstack\"]",
      "instances": [
        {
          "index_key": 0,
          "schema_version": 0,
          "attributes": {
            "address": "141.72.191.238",
            "all_tags": [],
            "description": "",
            "dns_domain": "",
            "dns_name": "",
            "fixed_ip": "",
            "id": "c6c58759-9886-455b-bc14-1dae6f9150b6",
            "pool": "ext-net-201",
            "port_id": "",
            "region": "",
            "subnet_id": null,
            "subnet_ids": null,
            "tags": null,
            "tenant_id": "1eee05cb3a2c4a3f9b93d79359e20471",
            "timeouts": null,
            "value_specs": null
          },
          "sensitive_attributes": [],
          "private": "eyJlMmJmYjczMC1lY2FhLTExZTYtOGY4OC0zNDM2M2JjN2M0YzAiOnsiY3JlYXRlIjo2MDAwMDAwMDAwMDAsImRlbGV0ZSI6NjAwMDAwMDAwMDAwfX0="
        },
        {
          "index_key": 1,
          "schema_version": 0,
          "attributes": {
            "address": "141.72.191.250",
            "all_tags": [],
            "description": "",
            "dns_domain": "",
            "dns_name": "",
            "fixed_ip": "",
            "id": "e29ae927-f662-4c90-a124-04233ae619cf",
            "pool": "ext-net-201",
            "port_id": "",
            "region": "",
            "subnet_id": null,
            "subnet_ids": null,
            "tags": null,
            "tenant_id": "1eee05cb3a2c4a3f9b93d79359e20471",
            "timeouts": null,
            "value_specs": null
          },
          "sensitive_attributes": [],
          "private": "eyJlMmJmYjczMC1lY2FhLTExZTYtOGY4OC0zNDM2M2JjN2M0YzAiOnsiY3JlYXRlIjo2MDAwMDAwMDAwMDAsImRlbGV0ZSI6NjAwMDAwMDAwMDAwfX0="
        },
        {
          "index_key": 2,
          "schema_version": 0,
          "attributes": {
            "address": "141.72.191.248",
            "all_tags": [],
            "description": "",
            "dns_domain": "",
            "dns_name": "",
            "fixed_ip": "",
            "id": "6893a65d-5a9d-49d3-b65a-b779853b92fb",
            "pool": "ext-net-201",
            "port_id": "",
            "region": "",
            "subnet_id": null,
            "subnet_ids": null,
            "tags": null,
            "tenant_id": "1eee05cb3a2c4a3f9b93d79359e20471",
            "timeouts": null,
            "value_specs": null
          },
          "sensitive_attributes": [],
          "private": "eyJlMmJmYjczMC1lY2FhLTExZTYtOGY4OC0zNDM2M2JjN2M0YzAiOnsiY3JlYXRlIjo2MDAwMDAwMDAwMDAsImRlbGV0ZSI6NjAwMDAwMDAwMDAwfX0="
        }
      ]
    }
  ]
}
